// !$*UTF8*$!
{
	archiveVersion = 1;
	classes = {
	};
	objectVersion = 50;
	objects = {

/* Begin PBXBuildFile section */
		CD1FF98B21044D8900A9F537 /* DataModel.xcdatamodeld in Sources */ = {isa = PBXBuildFile; fileRef = CD1FF98921044D8900A9F537 /* DataModel.xcdatamodeld */; };
		CD2720B62104A8B10095F680 /* CategoryViewController.swift in Sources */ = {isa = PBXBuildFile; fileRef = CD2720B52104A8B10095F680 /* CategoryViewController.swift */; };
		CD99BC452102ECF4001CB006 /* AppDelegate.swift in Sources */ = {isa = PBXBuildFile; fileRef = CD99BC442102ECF4001CB006 /* AppDelegate.swift */; };
		CD99BC472102ECF4001CB006 /* TodoListViewController.swift in Sources */ = {isa = PBXBuildFile; fileRef = CD99BC462102ECF4001CB006 /* TodoListViewController.swift */; };
		CD99BC4A2102ECF4001CB006 /* Main.storyboard in Resources */ = {isa = PBXBuildFile; fileRef = CD99BC482102ECF4001CB006 /* Main.storyboard */; };
		CD99BC4C2102ECF5001CB006 /* Assets.xcassets in Resources */ = {isa = PBXBuildFile; fileRef = CD99BC4B2102ECF5001CB006 /* Assets.xcassets */; };
		CD99BC4F2102ECF5001CB006 /* LaunchScreen.storyboard in Resources */ = {isa = PBXBuildFile; fileRef = CD99BC4D2102ECF5001CB006 /* LaunchScreen.storyboard */; };
/* End PBXBuildFile section */

/* Begin PBXFileReference section */
		CD1FF98A21044D8900A9F537 /* DataModel.xcdatamodel */ = {isa = PBXFileReference; lastKnownFileType = wrapper.xcdatamodel; path = DataModel.xcdatamodel; sourceTree = "<group>"; };
		CD2720B52104A8B10095F680 /* CategoryViewController.swift */ = {isa = PBXFileReference; lastKnownFileType = sourcecode.swift; path = CategoryViewController.swift; sourceTree = "<group>"; };
		CD99BC412102ECF4001CB006 /* Todoey.app */ = {isa = PBXFileReference; explicitFileType = wrapper.application; includeInIndex = 0; path = Todoey.app; sourceTree = BUILT_PRODUCTS_DIR; };
		CD99BC442102ECF4001CB006 /* AppDelegate.swift */ = {isa = PBXFileReference; lastKnownFileType = sourcecode.swift; path = AppDelegate.swift; sourceTree = "<group>"; };
		CD99BC462102ECF4001CB006 /* TodoListViewController.swift */ = {isa = PBXFileReference; lastKnownFileType = sourcecode.swift; path = TodoListViewController.swift; sourceTree = "<group>"; };
		CD99BC492102ECF4001CB006 /* Base */ = {isa = PBXFileReference; lastKnownFileType = file.storyboard; name = Base; path = Base.lproj/Main.storyboard; sourceTree = "<group>"; };
		CD99BC4B2102ECF5001CB006 /* Assets.xcassets */ = {isa = PBXFileReference; lastKnownFileType = folder.assetcatalog; path = Assets.xcassets; sourceTree = "<group>"; };
		CD99BC4E2102ECF5001CB006 /* Base */ = {isa = PBXFileReference; lastKnownFileType = file.storyboard; name = Base; path = Base.lproj/LaunchScreen.storyboard; sourceTree = "<group>"; };
		CD99BC502102ECF5001CB006 /* Info.plist */ = {isa = PBXFileReference; lastKnownFileType = text.plist.xml; path = Info.plist; sourceTree = "<group>"; };
/* End PBXFileReference section */

/* Begin PBXFrameworksBuildPhase section */
		CD99BC3E2102ECF4001CB006 /* Frameworks */ = {
			isa = PBXFrameworksBuildPhase;
			buildActionMask = 2147483647;
			files = (
			);
			runOnlyForDeploymentPostprocessing = 0;
		};
/* End PBXFrameworksBuildPhase section */

/* Begin PBXGroup section */
		CD99BC382102ECF4001CB006 = {
			isa = PBXGroup;
			children = (
				CD99BC432102ECF4001CB006 /* Todoey */,
				CD99BC422102ECF4001CB006 /* Products */,
			);
			sourceTree = "<group>";
		};
		CD99BC422102ECF4001CB006 /* Products */ = {
			isa = PBXGroup;
			children = (
				CD99BC412102ECF4001CB006 /* Todoey.app */,
			);
			name = Products;
			sourceTree = "<group>";
		};
		CD99BC432102ECF4001CB006 /* Todoey */ = {
			isa = PBXGroup;
			children = (
				CD99BC442102ECF4001CB006 /* AppDelegate.swift */,
				CD99BC59210353FD001CB006 /* Controllers */,
				CD99BC5821035380001CB006 /* Data Model */,
				CD99BC5A2103540C001CB006 /* Views */,
				CD99BC5B21035439001CB006 /* Supporting Files */,
				CD99BC502102ECF5001CB006 /* Info.plist */,
			);
			path = Todoey;
			sourceTree = "<group>";
		};
		CD99BC5821035380001CB006 /* Data Model */ = {
			isa = PBXGroup;
			children = (
				CD1FF98921044D8900A9F537 /* DataModel.xcdatamodeld */,
			);
			path = "Data Model";
			sourceTree = "<group>";
		};
		CD99BC59210353FD001CB006 /* Controllers */ = {
			isa = PBXGroup;
			children = (
				CD2720B52104A8B10095F680 /* CategoryViewController.swift */,
				CD99BC462102ECF4001CB006 /* TodoListViewController.swift */,
			);
			path = Controllers;
			sourceTree = "<group>";
		};
		CD99BC5A2103540C001CB006 /* Views */ = {
			isa = PBXGroup;
			children = (
				CD99BC482102ECF4001CB006 /* Main.storyboard */,
			);
			path = Views;
			sourceTree = "<group>";
		};
		CD99BC5B21035439001CB006 /* Supporting Files */ = {
			isa = PBXGroup;
			children = (
				CD99BC4B2102ECF5001CB006 /* Assets.xcassets */,
				CD99BC4D2102ECF5001CB006 /* LaunchScreen.storyboard */,
			);
			path = "Supporting Files";
			sourceTree = "<group>";
		};
/* End PBXGroup section */

/* Begin PBXNativeTarget section */
		CD99BC402102ECF4001CB006 /* Todoey */ = {
			isa = PBXNativeTarget;
			buildConfigurationList = CD99BC532102ECF5001CB006 /* Build configuration list for PBXNativeTarget "Todoey" */;
			buildPhases = (
				CD99BC3D2102ECF4001CB006 /* Sources */,
				CD99BC3E2102ECF4001CB006 /* Frameworks */,
				CD99BC3F2102ECF4001CB006 /* Resources */,
			);
			buildRules = (
			);
			dependencies = (
			);
			name = Todoey;
			productName = Todoey;
			productReference = CD99BC412102ECF4001CB006 /* Todoey.app */;
			productType = "com.apple.product-type.application";
		};
/* End PBXNativeTarget section */

/* Begin PBXProject section */
		CD99BC392102ECF4001CB006 /* Project object */ = {
			isa = PBXProject;
			attributes = {
				LastSwiftUpdateCheck = 0940;
				LastUpgradeCheck = 0940;
				ORGANIZATIONNAME = "Amornchot Singh";
				TargetAttributes = {
					CD99BC402102ECF4001CB006 = {
						CreatedOnToolsVersion = 9.4;
					};
				};
			};
			buildConfigurationList = CD99BC3C2102ECF4001CB006 /* Build configuration list for PBXProject "Todoey" */;
			compatibilityVersion = "Xcode 9.3";
			developmentRegion = en;
			hasScannedForEncodings = 0;
			knownRegions = (
				en,
				Base,
			);
			mainGroup = CD99BC382102ECF4001CB006;
			productRefGroup = CD99BC422102ECF4001CB006 /* Products */;
			projectDirPath = "";
			projectRoot = "";
			targets = (
				CD99BC402102ECF4001CB006 /* Todoey */,
			);
		};
/* End PBXProject section */

/* Begin PBXResourcesBuildPhase section */
		CD99BC3F2102ECF4001CB006 /* Resources */ = {
			isa = PBXResourcesBuildPhase;
			buildActionMask = 2147483647;
			files = (
				CD99BC4F2102ECF5001CB006 /* LaunchScreen.storyboard in Resources */,
				CD99BC4C2102ECF5001CB006 /* Assets.xcassets in Resources */,
				CD99BC4A2102ECF4001CB006 /* Main.storyboard in Resources */,
			);
			runOnlyForDeploymentPostprocessing = 0;
		};
/* End PBXResourcesBuildPhase section */

/* Begin PBXSourcesBuildPhase section */
		CD99BC3D2102ECF4001CB006 /* Sources */ = {
			isa = PBXSourcesBuildPhase;
			buildActionMask = 2147483647;
			files = (
				CD2720B62104A8B10095F680 /* CategoryViewController.swift in Sources */,
				CD99BC472102ECF4001CB006 /* TodoListViewController.swift in Sources */,
				CD1FF98B21044D8900A9F537 /* DataModel.xcdatamodeld in Sources */,
				CD99BC452102ECF4001CB006 /* AppDelegate.swift in Sources */,
			);
			runOnlyForDeploymentPostprocessing = 0;
		};
/* End PBXSourcesBuildPhase section */

/* Begin PBXVariantGroup section */
		CD99BC482102ECF4001CB006 /* Main.storyboard */ = {
			isa = PBXVariantGroup;
			children = (
				CD99BC492102ECF4001CB006 /* Base */,
			);
			name = Main.storyboard;
			sourceTree = "<group>";
		};
		CD99BC4D2102ECF5001CB006 /* LaunchScreen.storyboard */ = {
			isa = PBXVariantGroup;
			children = (
				CD99BC4E2102ECF5001CB006 /* Base */,
			);
			name = LaunchScreen.storyboard;
			sourceTree = "<group>";
		};
/* End PBXVariantGroup section */

/* Begin XCBuildConfiguration section */
		CD99BC512102ECF5001CB006 /* Debug */ = {
			isa = XCBuildConfiguration;
			buildSettings = {
				ALWAYS_SEARCH_USER_PATHS = NO;
				CLANG_ANALYZER_NONNULL = YES;
				CLANG_ANALYZER_NUMBER_OBJECT_CONVERSION = YES_AGGRESSIVE;
				CLANG_CXX_LANGUAGE_STANDARD = "gnu++14";
				CLANG_CXX_LIBRARY = "libc++";
				CLANG_ENABLE_MODULES = YES;
				CLANG_ENABLE_OBJC_ARC = YES;
				CLANG_ENABLE_OBJC_WEAK = YES;
				CLANG_WARN_BLOCK_CAPTURE_AUTORELEASING = YES;
				CLANG_WARN_BOOL_CONVERSION = YES;
				CLANG_WARN_COMMA = YES;
				CLANG_WARN_CONSTANT_CONVERSION = YES;
				CLANG_WARN_DEPRECATED_OBJC_IMPLEMENTATIONS = YES;
				CLANG_WARN_DIRECT_OBJC_ISA_USAGE = YES_ERROR;
				CLANG_WARN_DOCUMENTATION_COMMENTS = YES;
				CLANG_WARN_EMPTY_BODY = YES;
				CLANG_WARN_ENUM_CONVERSION = YES;
				CLANG_WARN_INFINITE_RECURSION = YES;
				CLANG_WARN_INT_CONVERSION = YES;
				CLANG_WARN_NON_LITERAL_NULL_CONVERSION = YES;
				CLANG_WARN_OBJC_IMPLICIT_RETAIN_SELF = YES;
				CLANG_WARN_OBJC_LITERAL_CONVERSION = YES;
				CLANG_WARN_OBJC_ROOT_CLASS = YES_ERROR;
				CLANG_WARN_RANGE_LOOP_ANALYSIS = YES;
				CLANG_WARN_STRICT_PROTOTYPES = YES;
				CLANG_WARN_SUSPICIOUS_MOVE = YES;
				CLANG_WARN_UNGUARDED_AVAILABILITY = YES_AGGRESSIVE;
				CLANG_WARN_UNREACHABLE_CODE = YES;
				CLANG_WARN__DUPLICATE_METHOD_MATCH = YES;
				CODE_SIGN_IDENTITY = "iPhone Developer";
				COPY_PHASE_STRIP = NO;
				DEBUG_INFORMATION_FORMAT = dwarf;
				ENABLE_STRICT_OBJC_MSGSEND = YES;
				ENABLE_TESTABILITY = YES;
				GCC_C_LANGUAGE_STANDARD = gnu11;
				GCC_DYNAMIC_NO_PIC = NO;
				GCC_NO_COMMON_BLOCKS = YES;
				GCC_OPTIMIZATION_LEVEL = 0;
				GCC_PREPROCESSOR_DEFINITIONS = (
					"DEBUG=1",
					"$(inherited)",
				);
				GCC_WARN_64_TO_32_BIT_CONVERSION = YES;
				GCC_WARN_ABOUT_RETURN_TYPE = YES_ERROR;
				GCC_WARN_UNDECLARED_SELECTOR = YES;
				GCC_WARN_UNINITIALIZED_AUTOS = YES_AGGRESSIVE;
				GCC_WARN_UNUSED_FUNCTION = YES;
				GCC_WARN_UNUSED_VARIABLE = YES;
				IPHONEOS_DEPLOYMENT_TARGET = 11.4;
				MTL_ENABLE_DEBUG_INFO = YES;
				ONLY_ACTIVE_ARCH = YES;
				SDKROOT = iphoneos;
				SWIFT_ACTIVE_COMPILATION_CONDITIONS = DEBUG;
				SWIFT_OPTIMIZATION_LEVEL = "-Onone";
			};
			name = Debug;
		};
		CD99BC522102ECF5001CB006 /* Release */ = {
			isa = XCBuildConfiguration;
			buildSettings = {
				ALWAYS_SEARCH_USER_PATHS = NO;
				CLANG_ANALYZER_NONNULL = YES;
				CLANG_ANALYZER_NUMBER_OBJECT_CONVERSION = YES_AGGRESSIVE;
				CLANG_CXX_LANGUAGE_STANDARD = "gnu++14";
				CLANG_CXX_LIBRARY = "libc++";
				CLANG_ENABLE_MODULES = YES;
				CLANG_ENABLE_OBJC_ARC = YES;
				CLANG_ENABLE_OBJC_WEAK = YES;
				CLANG_WARN_BLOCK_CAPTURE_AUTORELEASING = YES;
				CLANG_WARN_BOOL_CONVERSION = YES;
				CLANG_WARN_COMMA = YES;
				CLANG_WARN_CONSTANT_CONVERSION = YES;
				CLANG_WARN_DEPRECATED_OBJC_IMPLEMENTATIONS = YES;
				CLANG_WARN_DIRECT_OBJC_ISA_USAGE = YES_ERROR;
				CLANG_WARN_DOCUMENTATION_COMMENTS = YES;
				CLANG_WARN_EMPTY_BODY = YES;
				CLANG_WARN_ENUM_CONVERSION = YES;
				CLANG_WARN_INFINITE_RECURSION = YES;
				CLANG_WARN_INT_CONVERSION = YES;
				CLANG_WARN_NON_LITERAL_NULL_CONVERSION = YES;
				CLANG_WARN_OBJC_IMPLICIT_RETAIN_SELF = YES;
				CLANG_WARN_OBJC_LITERAL_CONVERSION = YES;
				CLANG_WARN_OBJC_ROOT_CLASS = YES_ERROR;
				CLANG_WARN_RANGE_LOOP_ANALYSIS = YES;
				CLANG_WARN_STRICT_PROTOTYPES = YES;
				CLANG_WARN_SUSPICIOUS_MOVE = YES;
				CLANG_WARN_UNGUARDED_AVAILABILITY = YES_AGGRESSIVE;
				CLANG_WARN_UNREACHABLE_CODE = YES;
				CLANG_WARN__DUPLICATE_METHOD_MATCH = YES;
				CODE_SIGN_IDENTITY = "iPhone Developer";
				COPY_PHASE_STRIP = NO;
				DEBUG_INFORMATION_FORMAT = "dwarf-with-dsym";
				ENABLE_NS_ASSERTIONS = NO;
				ENABLE_STRICT_OBJC_MSGSEND = YES;
				GCC_C_LANGUAGE_STANDARD = gnu11;
				GCC_NO_COMMON_BLOCKS = YES;
				GCC_WARN_64_TO_32_BIT_CONVERSION = YES;
				GCC_WARN_ABOUT_RETURN_TYPE = YES_ERROR;
				GCC_WARN_UNDECLARED_SELECTOR = YES;
				GCC_WARN_UNINITIALIZED_AUTOS = YES_AGGRESSIVE;
				GCC_WARN_UNUSED_FUNCTION = YES;
				GCC_WARN_UNUSED_VARIABLE = YES;
				IPHONEOS_DEPLOYMENT_TARGET = 11.4;
				MTL_ENABLE_DEBUG_INFO = NO;
				SDKROOT = iphoneos;
				SWIFT_COMPILATION_MODE = wholemodule;
				SWIFT_OPTIMIZATION_LEVEL = "-O";
				VALIDATE_PRODUCT = YES;
			};
			name = Release;
		};
		CD99BC542102ECF5001CB006 /* Debug */ = {
			isa = XCBuildConfiguration;
			buildSettings = {
				ASSETCATALOG_COMPILER_APPICON_NAME = AppIcon;
				CODE_SIGN_STYLE = Automatic;
				DEVELOPMENT_TEAM = A7J7TAC25F;
				INFOPLIST_FILE = Todoey/Info.plist;
				LD_RUNPATH_SEARCH_PATHS = (
					"$(inherited)",
					"@executable_path/Frameworks",
				);
				PRODUCT_BUNDLE_IDENTIFIER = "com.Amornchot-Singh.Todoey";
				PRODUCT_NAME = "$(TARGET_NAME)";
				SWIFT_VERSION = 4.0;
				TARGETED_DEVICE_FAMILY = "1,2";
			};
			name = Debug;
		};
		CD99BC552102ECF5001CB006 /* Release */ = {
			isa = XCBuildConfiguration;
			buildSettings = {
				ASSETCATALOG_COMPILER_APPICON_NAME = AppIcon;
				CODE_SIGN_STYLE = Automatic;
				DEVELOPMENT_TEAM = A7J7TAC25F;
				INFOPLIST_FILE = Todoey/Info.plist;
				LD_RUNPATH_SEARCH_PATHS = (
					"$(inherited)",
					"@executable_path/Frameworks",
				);
				PRODUCT_BUNDLE_IDENTIFIER = "com.Amornchot-Singh.Todoey";
				PRODUCT_NAME = "$(TARGET_NAME)";
				SWIFT_VERSION = 4.0;
				TARGETED_DEVICE_FAMILY = "1,2";
			};
			name = Release;
		};
/* End XCBuildConfiguration section */

/* Begin XCConfigurationList section */
		CD99BC3C2102ECF4001CB006 /* Build configuration list for PBXProject "Todoey" */ = {
			isa = XCConfigurationList;
			buildConfigurations = (
				CD99BC512102ECF5001CB006 /* Debug */,
				CD99BC522102ECF5001CB006 /* Release */,
			);
			defaultConfigurationIsVisible = 0;
			defaultConfigurationName = Release;
		};
		CD99BC532102ECF5001CB006 /* Build configuration list for PBXNativeTarget "Todoey" */ = {
			isa = XCConfigurationList;
			buildConfigurations = (
				CD99BC542102ECF5001CB006 /* Debug */,
				CD99BC552102ECF5001CB006 /* Release */,
			);
			defaultConfigurationIsVisible = 0;
			defaultConfigurationName = Release;
		};
/* End XCConfigurationList section */

/* Begin XCVersionGroup section */
		CD1FF98921044D8900A9F537 /* DataModel.xcdatamodeld */ = {
			isa = XCVersionGroup;
			children = (
				CD1FF98A21044D8900A9F537 /* DataModel.xcdatamodel */,
			);
			currentVersion = CD1FF98A21044D8900A9F537 /* DataModel.xcdatamodel */;
			path = DataModel.xcdatamodeld;
			sourceTree = "<group>";
			versionGroupType = wrapper.xcdatamodel;
		};
/* End XCVersionGroup section */
	};
	rootObject = CD99BC392102ECF4001CB006 /* Project object */;
}
